
Microsoft Visual Studio Solution File, Format Version 12.00
# Visual Studio Version 16
VisualStudioVersion = 16.0.30114.105
MinimumVisualStudioVersion = 10.0.40219.1
Project("{FAE04EC0-301F-11D3-BF4B-00C04F79EFBC}") = "API", "API\API.csproj", "{97347F2B-5A1E-4C3C-9ADE-C5EE535BEDE0}"
EndProject
Project("{FAE04EC0-301F-11D3-BF4B-00C04F79EFBC}") = "Application", "Application\Application.csproj", "{9F731DC7-2B59-4F24-AAF4-DF7CD3018DC3}"
EndProject
Project("{FAE04EC0-301F-11D3-BF4B-00C04F79EFBC}") = "Persistence", "Persistence\Persistence.csproj", "{1ECFA09D-37EE-4C53-AC9D-403533CE429F}"
EndProject
Project("{FAE04EC0-301F-11D3-BF4B-00C04F79EFBC}") = "Domain", "Domain\Domain.csproj", "{1D00FFB6-A0E8-43E9-8CCE-5726654C42A2}"
EndProject
Global
	GlobalSection(SolutionConfigurationPlatforms) = preSolution
		Debug|Any CPU = Debug|Any CPU
		Debug|x64 = Debug|x64
		Debug|x86 = Debug|x86
		Release|Any CPU = Release|Any CPU
		Release|x64 = Release|x64
		Release|x86 = Release|x86
	EndGlobalSection
	GlobalSection(SolutionProperties) = preSolution
		HideSolutionNode = FALSE
	EndGlobalSection
	GlobalSection(ProjectConfigurationPlatforms) = postSolution
		{97347F2B-5A1E-4C3C-9ADE-C5EE535BEDE0}.Debug|Any CPU.ActiveCfg = Debug|Any CPU
		{97347F2B-5A1E-4C3C-9ADE-C5EE535BEDE0}.Debug|Any CPU.Build.0 = Debug|Any CPU
		{97347F2B-5A1E-4C3C-9ADE-C5EE535BEDE0}.Debug|x64.ActiveCfg = Debug|Any CPU
		{97347F2B-5A1E-4C3C-9ADE-C5EE535BEDE0}.Debug|x64.Build.0 = Debug|Any CPU
		{97347F2B-5A1E-4C3C-9ADE-C5EE535BEDE0}.Debug|x86.ActiveCfg = Debug|Any CPU
		{97347F2B-5A1E-4C3C-9ADE-C5EE535BEDE0}.Debug|x86.Build.0 = Debug|Any CPU
		{97347F2B-5A1E-4C3C-9ADE-C5EE535BEDE0}.Release|Any CPU.ActiveCfg = Release|Any CPU
		{97347F2B-5A1E-4C3C-9ADE-C5EE535BEDE0}.Release|Any CPU.Build.0 = Release|Any CPU
		{97347F2B-5A1E-4C3C-9ADE-C5EE535BEDE0}.Release|x64.ActiveCfg = Release|Any CPU
		{97347F2B-5A1E-4C3C-9ADE-C5EE535BEDE0}.Release|x64.Build.0 = Release|Any CPU
		{97347F2B-5A1E-4C3C-9ADE-C5EE535BEDE0}.Release|x86.ActiveCfg = Release|Any CPU
		{97347F2B-5A1E-4C3C-9ADE-C5EE535BEDE0}.Release|x86.Build.0 = Release|Any CPU
		{9F731DC7-2B59-4F24-AAF4-DF7CD3018DC3}.Debug|Any CPU.ActiveCfg = Debug|Any CPU
		{9F731DC7-2B59-4F24-AAF4-DF7CD3018DC3}.Debug|Any CPU.Build.0 = Debug|Any CPU
		{9F731DC7-2B59-4F24-AAF4-DF7CD3018DC3}.Debug|x64.ActiveCfg = Debug|Any CPU
		{9F731DC7-2B59-4F24-AAF4-DF7CD3018DC3}.Debug|x64.Build.0 = Debug|Any CPU
		{9F731DC7-2B59-4F24-AAF4-DF7CD3018DC3}.Debug|x86.ActiveCfg = Debug|Any CPU
		{9F731DC7-2B59-4F24-AAF4-DF7CD3018DC3}.Debug|x86.Build.0 = Debug|Any CPU
		{9F731DC7-2B59-4F24-AAF4-DF7CD3018DC3}.Release|Any CPU.ActiveCfg = Release|Any CPU
		{9F731DC7-2B59-4F24-AAF4-DF7CD3018DC3}.Release|Any CPU.Build.0 = Release|Any CPU
		{9F731DC7-2B59-4F24-AAF4-DF7CD3018DC3}.Release|x64.ActiveCfg = Release|Any CPU
		{9F731DC7-2B59-4F24-AAF4-DF7CD3018DC3}.Release|x64.Build.0 = Release|Any CPU
		{9F731DC7-2B59-4F24-AAF4-DF7CD3018DC3}.Release|x86.ActiveCfg = Release|Any CPU
		{9F731DC7-2B59-4F24-AAF4-DF7CD3018DC3}.Release|x86.Build.0 = Release|Any CPU
		{1ECFA09D-37EE-4C53-AC9D-403533CE429F}.Debug|Any CPU.ActiveCfg = Debug|Any CPU
		{1ECFA09D-37EE-4C53-AC9D-403533CE429F}.Debug|Any CPU.Build.0 = Debug|Any CPU
		{1ECFA09D-37EE-4C53-AC9D-403533CE429F}.Debug|x64.ActiveCfg = Debug|Any CPU
		{1ECFA09D-37EE-4C53-AC9D-403533CE429F}.Debug|x64.Build.0 = Debug|Any CPU
		{1ECFA09D-37EE-4C53-AC9D-403533CE429F}.Debug|x86.ActiveCfg = Debug|Any CPU
		{1ECFA09D-37EE-4C53-AC9D-403533CE429F}.Debug|x86.Build.0 = Debug|Any CPU
		{1ECFA09D-37EE-4C53-AC9D-403533CE429F}.Release|Any CPU.ActiveCfg = Release|Any CPU
		{1ECFA09D-37EE-4C53-AC9D-403533CE429F}.Release|Any CPU.Build.0 = Release|Any CPU
		{1ECFA09D-37EE-4C53-AC9D-403533CE429F}.Release|x64.ActiveCfg = Release|Any CPU
		{1ECFA09D-37EE-4C53-AC9D-403533CE429F}.Release|x64.Build.0 = Release|Any CPU
		{1ECFA09D-37EE-4C53-AC9D-403533CE429F}.Release|x86.ActiveCfg = Release|Any CPU
		{1ECFA09D-37EE-4C53-AC9D-403533CE429F}.Release|x86.Build.0 = Release|Any CPU
		{1D00FFB6-A0E8-43E9-8CCE-5726654C42A2}.Debug|Any CPU.ActiveCfg = Debug|Any CPU
		{1D00FFB6-A0E8-43E9-8CCE-5726654C42A2}.Debug|Any CPU.Build.0 = Debug|Any CPU
		{1D00FFB6-A0E8-43E9-8CCE-5726654C42A2}.Debug|x64.ActiveCfg = Debug|Any CPU
		{1D00FFB6-A0E8-43E9-8CCE-5726654C42A2}.Debug|x64.Build.0 = Debug|Any CPU
		{1D00FFB6-A0E8-43E9-8CCE-5726654C42A2}.Debug|x86.ActiveCfg = Debug|Any CPU
		{1D00FFB6-A0E8-43E9-8CCE-5726654C42A2}.Debug|x86.Build.0 = Debug|Any CPU
		{1D00FFB6-A0E8-43E9-8CCE-5726654C42A2}.Release|Any CPU.ActiveCfg = Release|Any CPU
		{1D00FFB6-A0E8-43E9-8CCE-5726654C42A2}.Release|Any CPU.Build.0 = Release|Any CPU
		{1D00FFB6-A0E8-43E9-8CCE-5726654C42A2}.Release|x64.ActiveCfg = Release|Any CPU
		{1D00FFB6-A0E8-43E9-8CCE-5726654C42A2}.Release|x64.Build.0 = Release|Any CPU
		{1D00FFB6-A0E8-43E9-8CCE-5726654C42A2}.Release|x86.ActiveCfg = Release|Any CPU
		{1D00FFB6-A0E8-43E9-8CCE-5726654C42A2}.Release|x86.Build.0 = Release|Any CPU
	EndGlobalSection
EndGlobal
